
Microsoft Visual Studio Solution File, Format Version 12.00
# Visual Studio Version 17
VisualStudioVersion = 17.6.33815.320
MinimumVisualStudioVersion = 10.0.40219.1
Project("{FAE04EC0-301F-11D3-BF4B-00C04F79EFBC}") = "MyTestProject", "MyTestProject.csproj", "{BD3C314F-C912-41A8-9FCD-E0E920A89759}"
EndProject
Global
	GlobalSection(SolutionConfigurationPlatforms) = preSolution
		Debug|Any CPU = Debug|Any CPU
		Release|Any CPU = Release|Any CPU
	EndGlobalSection
	GlobalSection(ProjectConfigurationPlatforms) = postSolution
		{BD3C314F-C912-41A8-9FCD-E0E920A89759}.Debug|Any CPU.ActiveCfg = Debug|Any CPU
		{BD3C314F-C912-41A8-9FCD-E0E920A89759}.Debug|Any CPU.Build.0 = Debug|Any CPU
		{BD3C314F-C912-41A8-9FCD-E0E920A89759}.Release|Any CPU.ActiveCfg = Release|Any CPU
		{BD3C314F-C912-41A8-9FCD-E0E920A89759}.Release|Any CPU.Build.0 = Release|Any CPU
	EndGlobalSection
	GlobalSection(SolutionProperties) = preSolution
		HideSolutionNode = FALSE
	EndGlobalSection
	GlobalSection(ExtensibilityGlobals) = postSolution
		SolutionGuid = {2C32AA3F-8E33-4C2F-A96A-A921575FF5F4}
	EndGlobalSection
EndGlobal
